
Microsoft Visual Studio Solution File, Format Version 12.00
# Visual Studio Version 17
VisualStudioVersion = 17.10.35013.160
MinimumVisualStudioVersion = 10.0.40219.1
Project("{FAE04EC0-301F-11D3-BF4B-00C04F79EFBC}") = "AmaneroFlash", "AmaneroFlash.csproj", "{F7A8ECD6-E148-4E0C-A924-4A4C6A0485E8}"
EndProject
Global
	GlobalSection(SolutionConfigurationPlatforms) = preSolution
		Debug|Any CPU = Debug|Any CPU
		Release|Any CPU = Release|Any CPU
	EndGlobalSection
	GlobalSection(ProjectConfigurationPlatforms) = postSolution
		{F7A8ECD6-E148-4E0C-A924-4A4C6A0485E8}.Debug|Any CPU.ActiveCfg = Debug|Any CPU
		{F7A8ECD6-E148-4E0C-A924-4A4C6A0485E8}.Debug|Any CPU.Build.0 = Debug|Any CPU
		{F7A8ECD6-E148-4E0C-A924-4A4C6A0485E8}.Release|Any CPU.ActiveCfg = Release|Any CPU
		{F7A8ECD6-E148-4E0C-A924-4A4C6A0485E8}.Release|Any CPU.Build.0 = Release|Any CPU
	EndGlobalSection
	GlobalSection(SolutionProperties) = preSolution
		HideSolutionNode = FALSE
	EndGlobalSection
	GlobalSection(ExtensibilityGlobals) = postSolution
		SolutionGuid = {132FBAD2-28B4-4A71-B91D-1ED02D806B59}
	EndGlobalSection
EndGlobal
